PODS:
  - onesecondbefore-tracker (7.1)

DEPENDENCIES:
  - onesecondbefore-tracker (from `../`)

EXTERNAL SOURCES:
  onesecondbefore-tracker:
    :path: "../"

SPEC CHECKSUMS:
  onesecondbefore-tracker: 03cd6cf248f83c66a8ce555fd8bad0f9f257d135

PODFILE CHECKSUM: 6d89add8366e15faf66c73e063bf91fbb48b2f02

COCOAPODS: 1.15.2
